
Microsoft Visual Studio Solution File, Format Version 12.00
# Visual Studio 15
VisualStudioVersion = 15.0.26430.12
MinimumVisualStudioVersion = 10.0.40219.1
Project("{FAE04EC0-301F-11D3-BF4B-00C04F79EFBC}") = "StatsLib", "StatsLib\StatsLib.csproj", "{DF0B7FAA-9587-41DB-AED0-696A06F498A5}"
EndProject
Project("{2150E333-8FDC-42A3-9474-1A3956D46DE8}") = "UnitTests", "UnitTests", "{A9A070E6-1F0B-4401-ABC7-3E3F5AE26F1C}"
EndProject
Project("{FAE04EC0-301F-11D3-BF4B-00C04F79EFBC}") = "StatsLibTests", "Stats.NET.Tests\StatsLibTests.csproj", "{F8FCE043-ADF1-49B9-8BFD-B4EDB7F7AF1E}"
EndProject
Global
	GlobalSection(SolutionConfigurationPlatforms) = preSolution
		Debug|Any CPU = Debug|Any CPU
		Release|Any CPU = Release|Any CPU
	EndGlobalSection
	GlobalSection(ProjectConfigurationPlatforms) = postSolution
		{DF0B7FAA-9587-41DB-AED0-696A06F498A5}.Debug|Any CPU.ActiveCfg = Debug|Any CPU
		{DF0B7FAA-9587-41DB-AED0-696A06F498A5}.Debug|Any CPU.Build.0 = Debug|Any CPU
		{DF0B7FAA-9587-41DB-AED0-696A06F498A5}.Release|Any CPU.ActiveCfg = Release|Any CPU
		{DF0B7FAA-9587-41DB-AED0-696A06F498A5}.Release|Any CPU.Build.0 = Release|Any CPU
		{F8FCE043-ADF1-49B9-8BFD-B4EDB7F7AF1E}.Debug|Any CPU.ActiveCfg = Debug|Any CPU
		{F8FCE043-ADF1-49B9-8BFD-B4EDB7F7AF1E}.Debug|Any CPU.Build.0 = Debug|Any CPU
		{F8FCE043-ADF1-49B9-8BFD-B4EDB7F7AF1E}.Release|Any CPU.ActiveCfg = Release|Any CPU
		{F8FCE043-ADF1-49B9-8BFD-B4EDB7F7AF1E}.Release|Any CPU.Build.0 = Release|Any CPU
	EndGlobalSection
	GlobalSection(SolutionProperties) = preSolution
		HideSolutionNode = FALSE
	EndGlobalSection
	GlobalSection(NestedProjects) = preSolution
		{F8FCE043-ADF1-49B9-8BFD-B4EDB7F7AF1E} = {A9A070E6-1F0B-4401-ABC7-3E3F5AE26F1C}
	EndGlobalSection
EndGlobal
